
Microsoft Visual Studio Solution File, Format Version 12.00
# Visual Studio Version 16
VisualStudioVersion = 16.0.31321.278
MinimumVisualStudioVersion = 10.0.40219.1
Project("{FAE04EC0-301F-11D3-BF4B-00C04F79EFBC}") = "CreditCardApplication", "CreditCardApplication\CreditCardApplication.csproj", "{F4924FCA-FA22-4C24-846B-6D8C502C8FE8}"
EndProject
Global
	GlobalSection(SolutionConfigurationPlatforms) = preSolution
		Debug|Any CPU = Debug|Any CPU
		Release|Any CPU = Release|Any CPU
	EndGlobalSection
	GlobalSection(ProjectConfigurationPlatforms) = postSolution
		{F4924FCA-FA22-4C24-846B-6D8C502C8FE8}.Debug|Any CPU.ActiveCfg = Debug|Any CPU
		{F4924FCA-FA22-4C24-846B-6D8C502C8FE8}.Debug|Any CPU.Build.0 = Debug|Any CPU
		{F4924FCA-FA22-4C24-846B-6D8C502C8FE8}.Release|Any CPU.ActiveCfg = Release|Any CPU
		{F4924FCA-FA22-4C24-846B-6D8C502C8FE8}.Release|Any CPU.Build.0 = Release|Any CPU
	EndGlobalSection
	GlobalSection(SolutionProperties) = preSolution
		HideSolutionNode = FALSE
	EndGlobalSection
	GlobalSection(ExtensibilityGlobals) = postSolution
		SolutionGuid = {B794139F-72A4-4DFA-BA22-C8899CA76E02}
	EndGlobalSection
EndGlobal
